// !$*UTF8*$!
{
	archiveVersion = 1;
	classes = {
	};
	objectVersion = 77;
	objects = {

/* Begin PBXBuildFile section */
		91044072253DDA9600A21F20 /* WidgetKit.framework in Frameworks */ = {isa = PBXBuildFile; fileRef = 91044071253DDA9600A21F20 /* WidgetKit.framework */; };
		91044074253DDA9600A21F20 /* SwiftUI.framework in Frameworks */ = {isa = PBXBuildFile; fileRef = 91044073253DDA9600A21F20 /* SwiftUI.framework */; };
		9104407D253DDA9700A21F20 /* NextSunnyDayWidgetExtension.appex in Embed Foundation Extensions */ = {isa = PBXBuildFile; fileRef = 9104406F253DDA9600A21F20 /* NextSunnyDayWidgetExtension.appex */; settings = {ATTRIBUTES = (RemoveHeadersOnCopy, ); }; };
		919EA78425304DAB008BC359 /* Realm in Frameworks */ = {isa = PBXBuildFile; productRef = 919EA78325304DAB008BC359 /* Realm */; };
		919EA78625304DAB008BC359 /* RealmSwift in Frameworks */ = {isa = PBXBuildFile; productRef = 919EA78525304DAB008BC359 /* RealmSwift */; };
		91F6A1FC253EBF9E00E9D7B2 /* Realm in Frameworks */ = {isa = PBXBuildFile; productRef = 91F6A1FB253EBF9E00E9D7B2 /* Realm */; };
		91F6A1FE253EBF9E00E9D7B2 /* RealmSwift in Frameworks */ = {isa = PBXBuildFile; productRef = 91F6A1FD253EBF9E00E9D7B2 /* RealmSwift */; };
/* End PBXBuildFile section */

/* Begin PBXContainerItemProxy section */
		9104407B253DDA9700A21F20 /* PBXContainerItemProxy */ = {
			isa = PBXContainerItemProxy;
			containerPortal = 915F512D2521763500B4E384 /* Project object */;
			proxyType = 1;
			remoteGlobalIDString = 9104406E253DDA9600A21F20;
			remoteInfo = NextSunnyDayWidgetExtension;
		};
		915F51472521763600B4E384 /* PBXContainerItemProxy */ = {
			isa = PBXContainerItemProxy;
			containerPortal = 915F512D2521763500B4E384 /* Project object */;
			proxyType = 1;
			remoteGlobalIDString = 915F51342521763500B4E384;
			remoteInfo = NextSunnyDay;
		};
/* End PBXContainerItemProxy section */

/* Begin PBXCopyFilesBuildPhase section */
		9104407E253DDA9700A21F20 /* Embed Foundation Extensions */ = {
			isa = PBXCopyFilesBuildPhase;
			buildActionMask = 2147483647;
			dstPath = "";
			dstSubfolderSpec = 13;
			files = (
				9104407D253DDA9700A21F20 /* NextSunnyDayWidgetExtension.appex in Embed Foundation Extensions */,
			);
			name = "Embed Foundation Extensions";
			runOnlyForDeploymentPostprocessing = 0;
		};
/* End PBXCopyFilesBuildPhase section */

/* Begin PBXFileReference section */
		9104406F253DDA9600A21F20 /* NextSunnyDayWidgetExtension.appex */ = {isa = PBXFileReference; explicitFileType = "wrapper.app-extension"; includeInIndex = 0; path = NextSunnyDayWidgetExtension.appex; sourceTree = BUILT_PRODUCTS_DIR; };
		91044071253DDA9600A21F20 /* WidgetKit.framework */ = {isa = PBXFileReference; lastKnownFileType = wrapper.framework; name = WidgetKit.framework; path = System/Library/Frameworks/WidgetKit.framework; sourceTree = SDKROOT; };
		91044073253DDA9600A21F20 /* SwiftUI.framework */ = {isa = PBXFileReference; lastKnownFileType = wrapper.framework; name = SwiftUI.framework; path = System/Library/Frameworks/SwiftUI.framework; sourceTree = SDKROOT; };
		915F51352521763500B4E384 /* NextSunnyDay.app */ = {isa = PBXFileReference; explicitFileType = wrapper.application; includeInIndex = 0; path = NextSunnyDay.app; sourceTree = BUILT_PRODUCTS_DIR; };
		915F51462521763600B4E384 /* NextSunnyDayTests.xctest */ = {isa = PBXFileReference; explicitFileType = wrapper.cfbundle; includeInIndex = 0; path = NextSunnyDayTests.xctest; sourceTree = BUILT_PRODUCTS_DIR; };
/* End PBXFileReference section */

/* Begin PBXFileSystemSynchronizedBuildFileExceptionSet section */
		B10000000000000000000011 /* Exceptions for "NextSunnyDay" folder in "NextSunnyDay" target */ = {
			isa = PBXFileSystemSynchronizedBuildFileExceptionSet;
			membershipExceptions = (
				Info.plist,
			);
			target = 915F51342521763500B4E384 /* NextSunnyDay */;
		};
		B10000000000000000000012 /* Exceptions for "NextSunnyDay" folder in "NextSunnyDayWidgetExtension" target */ = {
			isa = PBXFileSystemSynchronizedBuildFileExceptionSet;
			membershipExceptions = (
				API/AccessTokens.swift,
				API/OpenWeatherAPI/DailyWeatherForecastResponse.swift,
				API/OpenWeatherAPI/WeatherConditionCode.swift,
				API/OpenWeatherAPI/WeatherError.swift,
				API/OpenWeatherAPI/WeatherFetcher.swift,
				Assets.xcassets,
				"Extension/Date+Extension.swift",
				"Extension/LinearGradient+Extension.swift",
				Model/DailyWeatherForecastEntity.swift,
				Protocol/ViewModelObject.swift,
				Resources/Localizable.xcstrings,
				View/NextSunnyDayMediumView.swift,
				View/NextSunnyDaySmallView.swift,
				ViewModel/NextSunnyDayViewModel.swift,
			);
			target = 9104406E253DDA9600A21F20 /* NextSunnyDayWidgetExtension */;
		};
		B10000000000000000000021 /* Exceptions for "NextSunnyDayWidget" folder in "NextSunnyDayWidgetExtension" target */ = {
			isa = PBXFileSystemSynchronizedBuildFileExceptionSet;
			membershipExceptions = (
				Info.plist,
			);
			target = 9104406E253DDA9600A21F20 /* NextSunnyDayWidgetExtension */;
		};
/* End PBXFileSystemSynchronizedBuildFileExceptionSet section */

/* Begin PBXFileSystemSynchronizedRootGroup section */
		B10000000000000000000001 /* NextSunnyDay */ = {
			isa = PBXFileSystemSynchronizedRootGroup;
			exceptions = (
				B10000000000000000000011 /* Exceptions for "NextSunnyDay" folder in "NextSunnyDay" target */,
				B10000000000000000000012 /* Exceptions for "NextSunnyDay" folder in "NextSunnyDayWidgetExtension" target */,
			);
			path = NextSunnyDay;
			sourceTree = "<group>";
		};
		B10000000000000000000002 /* NextSunnyDayWidget */ = {
			isa = PBXFileSystemSynchronizedRootGroup;
			exceptions = (
				B10000000000000000000021 /* Exceptions for "NextSunnyDayWidget" folder in "NextSunnyDayWidgetExtension" target */,
			);
			path = NextSunnyDayWidget;
			sourceTree = "<group>";
		};
		B10000000000000000000003 /* NextSunnyDayTests */ = {
			isa = PBXFileSystemSynchronizedRootGroup;
			path = NextSunnyDayTests;
			sourceTree = "<group>";
		};
/* End PBXFileSystemSynchronizedRootGroup section */

/* Begin PBXFrameworksBuildPhase section */
		9104406C253DDA9600A21F20 /* Frameworks */ = {
			isa = PBXFrameworksBuildPhase;
			buildActionMask = 2147483647;
			files = (
				91F6A1FE253EBF9E00E9D7B2 /* RealmSwift in Frameworks */,
				91F6A1FC253EBF9E00E9D7B2 /* Realm in Frameworks */,
				91044074253DDA9600A21F20 /* SwiftUI.framework in Frameworks */,
				91044072253DDA9600A21F20 /* WidgetKit.framework in Frameworks */,
			);
			runOnlyForDeploymentPostprocessing = 0;
		};
		915F51322521763500B4E384 /* Frameworks */ = {
			isa = PBXFrameworksBuildPhase;
			buildActionMask = 2147483647;
			files = (
				919EA78625304DAB008BC359 /* RealmSwift in Frameworks */,
				919EA78425304DAB008BC359 /* Realm in Frameworks */,
			);
			runOnlyForDeploymentPostprocessing = 0;
		};
		915F51432521763600B4E384 /* Frameworks */ = {
			isa = PBXFrameworksBuildPhase;
			buildActionMask = 2147483647;
			files = (
			);
			runOnlyForDeploymentPostprocessing = 0;
		};
/* End PBXFrameworksBuildPhase section */

/* Begin PBXGroup section */
		91044070253DDA9600A21F20 /* Frameworks */ = {
			isa = PBXGroup;
			children = (
				91044071253DDA9600A21F20 /* WidgetKit.framework */,
				91044073253DDA9600A21F20 /* SwiftUI.framework */,
			);
			name = Frameworks;
			sourceTree = "<group>";
		};
		915F512C2521763500B4E384 = {
			isa = PBXGroup;
			children = (
				B10000000000000000000001 /* NextSunnyDay */,
				B10000000000000000000003 /* NextSunnyDayTests */,
				B10000000000000000000002 /* NextSunnyDayWidget */,
				91044070253DDA9600A21F20 /* Frameworks */,
				915F51362521763500B4E384 /* Products */,
			);
			sourceTree = "<group>";
		};
		915F51362521763500B4E384 /* Products */ = {
			isa = PBXGroup;
			children = (
				915F51352521763500B4E384 /* NextSunnyDay.app */,
				915F51462521763600B4E384 /* NextSunnyDayTests.xctest */,
				9104406F253DDA9600A21F20 /* NextSunnyDayWidgetExtension.appex */,
			);
			name = Products;
			sourceTree = "<group>";
		};
/* End PBXGroup section */

/* Begin PBXNativeTarget section */
		9104406E253DDA9600A21F20 /* NextSunnyDayWidgetExtension */ = {
			isa = PBXNativeTarget;
			buildConfigurationList = 91044081253DDA9700A21F20 /* Build configuration list for PBXNativeTarget "NextSunnyDayWidgetExtension" */;
			buildPhases = (
				9104406B253DDA9600A21F20 /* Sources */,
				9104406C253DDA9600A21F20 /* Frameworks */,
				9104406D253DDA9600A21F20 /* Resources */,
			);
			buildRules = (
			);
			dependencies = (
			);
			fileSystemSynchronizedGroups = (
				B10000000000000000000002 /* NextSunnyDayWidget */,
			);
			name = NextSunnyDayWidgetExtension;
			packageProductDependencies = (
				91F6A1FB253EBF9E00E9D7B2 /* Realm */,
				91F6A1FD253EBF9E00E9D7B2 /* RealmSwift */,
			);
			productName = NextSunnyDayWidgetExtension;
			productReference = 9104406F253DDA9600A21F20 /* NextSunnyDayWidgetExtension.appex */;
			productType = "com.apple.product-type.app-extension";
		};
		915F51342521763500B4E384 /* NextSunnyDay */ = {
			isa = PBXNativeTarget;
			buildConfigurationList = 915F515A2521763600B4E384 /* Build configuration list for PBXNativeTarget "NextSunnyDay" */;
			buildPhases = (
				91AB3B6825419B6F00914E7B /* LicensePlist */,
				915F51312521763500B4E384 /* Sources */,
				917E40C82522D90600D77C3F /* SwiftLint */,
				915F51322521763500B4E384 /* Frameworks */,
				915F51332521763500B4E384 /* Resources */,
				9104407E253DDA9700A21F20 /* Embed Foundation Extensions */,
			);
			buildRules = (
			);
			dependencies = (
				9104407C253DDA9700A21F20 /* PBXTargetDependency */,
			);
			fileSystemSynchronizedGroups = (
				B10000000000000000000001 /* NextSunnyDay */,
			);
			name = NextSunnyDay;
			packageProductDependencies = (
				919EA78325304DAB008BC359 /* Realm */,
				919EA78525304DAB008BC359 /* RealmSwift */,
			);
			productName = NextSunnyDay;
			productReference = 915F51352521763500B4E384 /* NextSunnyDay.app */;
			productType = "com.apple.product-type.application";
		};
		915F51452521763600B4E384 /* NextSunnyDayTests */ = {
			isa = PBXNativeTarget;
			buildConfigurationList = 915F515D2521763600B4E384 /* Build configuration list for PBXNativeTarget "NextSunnyDayTests" */;
			buildPhases = (
				915F51422521763600B4E384 /* Sources */,
				915F51432521763600B4E384 /* Frameworks */,
				915F51442521763600B4E384 /* Resources */,
			);
			buildRules = (
			);
			dependencies = (
				915F51482521763600B4E384 /* PBXTargetDependency */,
			);
			fileSystemSynchronizedGroups = (
				B10000000000000000000003 /* NextSunnyDayTests */,
			);
			name = NextSunnyDayTests;
			productName = NextSunnyDayTests;
			productReference = 915F51462521763600B4E384 /* NextSunnyDayTests.xctest */;
			productType = "com.apple.product-type.bundle.unit-test";
		};
/* End PBXNativeTarget section */

/* Begin PBXProject section */
		915F512D2521763500B4E384 /* Project object */ = {
			isa = PBXProject;
			attributes = {
				BuildIndependentTargetsInParallel = 1;
				LastSwiftUpdateCheck = 2640;
				LastUpgradeCheck = 2640;
				TargetAttributes = {
					9104406E253DDA9600A21F20 = {
						CreatedOnToolsVersion = 12.0.1;
					};
					915F51342521763500B4E384 = {
						CreatedOnToolsVersion = 12.0.1;
					};
					915F51452521763600B4E384 = {
						CreatedOnToolsVersion = 12.0.1;
						TestTargetID = 915F51342521763500B4E384;
					};
				};
			};
			buildConfigurationList = 915F51302521763500B4E384 /* Build configuration list for PBXProject "NextSunnyDay" */;
			developmentRegion = en;
			hasScannedForEncodings = 0;
			knownRegions = (
				en,
				Base,
				ja,
			);
			mainGroup = 915F512C2521763500B4E384;
			minimizedProjectReferenceProxies = 1;
			packageReferences = (
				919EA78225304DAB008BC359 /* XCRemoteSwiftPackageReference "realm-cocoa" */,
			);
			preferredProjectObjectVersion = 77;
			productRefGroup = 915F51362521763500B4E384 /* Products */;
			projectDirPath = "";
			projectRoot = "";
			targets = (
				915F51342521763500B4E384 /* NextSunnyDay */,
				915F51452521763600B4E384 /* NextSunnyDayTests */,
				9104406E253DDA9600A21F20 /* NextSunnyDayWidgetExtension */,
			);
		};
/* End PBXProject section */

/* Begin PBXResourcesBuildPhase section */
		9104406D253DDA9600A21F20 /* Resources */ = {
			isa = PBXResourcesBuildPhase;
			buildActionMask = 2147483647;
			files = (
			);
			runOnlyForDeploymentPostprocessing = 0;
		};
		915F51332521763500B4E384 /* Resources */ = {
			isa = PBXResourcesBuildPhase;
			buildActionMask = 2147483647;
			files = (
			);
			runOnlyForDeploymentPostprocessing = 0;
		};
		915F51442521763600B4E384 /* Resources */ = {
			isa = PBXResourcesBuildPhase;
			buildActionMask = 2147483647;
			files = (
			);
			runOnlyForDeploymentPostprocessing = 0;
		};
/* End PBXResourcesBuildPhase section */

/* Begin PBXShellScriptBuildPhase section */
		917E40C82522D90600D77C3F /* SwiftLint */ = {
			isa = PBXShellScriptBuildPhase;
			alwaysOutOfDate = 1;
			buildActionMask = 2147483647;
			files = (
			);
			inputFileListPaths = (
			);
			inputPaths = (
			);
			name = SwiftLint;
			outputFileListPaths = (
			);
			outputPaths = (
			);
			runOnlyForDeploymentPostprocessing = 0;
			shellPath = /bin/sh;
			shellScript = "unset SDKROOT\nif which mint >/dev/null; then\n  mint run swiftlint swiftlint autocorrect --format\n  mint run swiftlint swiftlint\nelse\n  echo \"warning: Mint not installed, download from https://github.com/yonaskolb/Mint\"\nfi\n";
		};
		91AB3B6825419B6F00914E7B /* LicensePlist */ = {
			isa = PBXShellScriptBuildPhase;
			alwaysOutOfDate = 1;
			buildActionMask = 2147483647;
			files = (
			);
			inputFileListPaths = (
			);
			inputPaths = (
			);
			name = LicensePlist;
			outputFileListPaths = (
			);
			outputPaths = (
			);
			runOnlyForDeploymentPostprocessing = 0;
			shellPath = /bin/sh;
			shellScript = "if [ $CONFIGURATION = \"Debug\" ]; then\n  if which mint >/dev/null; then\n    mint run LicensePlist license-plist --output-path NextSunnyDay/Settings.bundle --add-version-numbers\n  else\n    echo \"warning: Mint not installed, skipping LicensePlist. Run 'mint bootstrap' to regenerate licenses.\"\n  fi\nfi\n";
		};
/* End PBXShellScriptBuildPhase section */

/* Begin PBXSourcesBuildPhase section */
		9104406B253DDA9600A21F20 /* Sources */ = {
			isa = PBXSourcesBuildPhase;
			buildActionMask = 2147483647;
			files = (
			);
			runOnlyForDeploymentPostprocessing = 0;
		};
		915F51312521763500B4E384 /* Sources */ = {
			isa = PBXSourcesBuildPhase;
			buildActionMask = 2147483647;
			files = (
			);
			runOnlyForDeploymentPostprocessing = 0;
		};
		915F51422521763600B4E384 /* Sources */ = {
			isa = PBXSourcesBuildPhase;
			buildActionMask = 2147483647;
			files = (
			);
			runOnlyForDeploymentPostprocessing = 0;
		};
/* End PBXSourcesBuildPhase section */

/* Begin PBXTargetDependency section */
		9104407C253DDA9700A21F20 /* PBXTargetDependency */ = {
			isa = PBXTargetDependency;
			target = 9104406E253DDA9600A21F20 /* NextSunnyDayWidgetExtension */;
			targetProxy = 9104407B253DDA9700A21F20 /* PBXContainerItemProxy */;
		};
		915F51482521763600B4E384 /* PBXTargetDependency */ = {
			isa = PBXTargetDependency;
			target = 915F51342521763500B4E384 /* NextSunnyDay */;
			targetProxy = 915F51472521763600B4E384 /* PBXContainerItemProxy */;
		};
/* End PBXTargetDependency section */

/* Begin XCBuildConfiguration section */
		9104407F253DDA9700A21F20 /* Debug */ = {
			isa = XCBuildConfiguration;
			buildSettings = {
				ASSETCATALOG_COMPILER_GLOBAL_ACCENT_COLOR_NAME = AccentColor;
				ASSETCATALOG_COMPILER_WIDGET_BACKGROUND_COLOR_NAME = WidgetBackground;
				CODE_SIGN_ENTITLEMENTS = NextSunnyDayWidget/NextSunnyDayWidgetExtension.entitlements;
				CODE_SIGN_STYLE = Automatic;
				CURRENT_PROJECT_VERSION = 2;
				DEVELOPMENT_TEAM = NA4GG5YL9W;
				INFOPLIST_FILE = NextSunnyDayWidget/Info.plist;
				LD_RUNPATH_SEARCH_PATHS = (
					"$(inherited)",
					"@executable_path/Frameworks",
					"@executable_path/../../Frameworks",
				);
				MARKETING_VERSION = 1.0.1;
				PRODUCT_BUNDLE_IDENTIFIER = com.naipaka.NextSunnyDay.NextSunnyDayWidget;
				PRODUCT_NAME = "$(TARGET_NAME)";
				SKIP_INSTALL = YES;
				SWIFT_EMIT_LOC_STRINGS = YES;
				SWIFT_VERSION = 5.0;
				TARGETED_DEVICE_FAMILY = "1,2";
			};
			name = Debug;
		};
		91044080253DDA9700A21F20 /* Release */ = {
			isa = XCBuildConfiguration;
			buildSettings = {
				ASSETCATALOG_COMPILER_GLOBAL_ACCENT_COLOR_NAME = AccentColor;
				ASSETCATALOG_COMPILER_WIDGET_BACKGROUND_COLOR_NAME = WidgetBackground;
				CODE_SIGN_ENTITLEMENTS = NextSunnyDayWidget/NextSunnyDayWidgetExtension.entitlements;
				CODE_SIGN_STYLE = Automatic;
				CURRENT_PROJECT_VERSION = 2;
				DEVELOPMENT_TEAM = NA4GG5YL9W;
				INFOPLIST_FILE = NextSunnyDayWidget/Info.plist;
				LD_RUNPATH_SEARCH_PATHS = (
					"$(inherited)",
					"@executable_path/Frameworks",
					"@executable_path/../../Frameworks",
				);
				MARKETING_VERSION = 1.0.1;
				PRODUCT_BUNDLE_IDENTIFIER = com.naipaka.NextSunnyDay.NextSunnyDayWidget;
				PRODUCT_NAME = "$(TARGET_NAME)";
				SKIP_INSTALL = YES;
				SWIFT_EMIT_LOC_STRINGS = YES;
				SWIFT_VERSION = 5.0;
				TARGETED_DEVICE_FAMILY = "1,2";
			};
			name = Release;
		};
		915F51582521763600B4E384 /* Debug */ = {
			isa = XCBuildConfiguration;
			buildSettings = {
				ALWAYS_SEARCH_USER_PATHS = NO;
				CLANG_ANALYZER_NONNULL = YES;
				CLANG_ANALYZER_NUMBER_OBJECT_CONVERSION = YES_AGGRESSIVE;
				CLANG_CXX_LANGUAGE_STANDARD = "gnu++20";
				CLANG_ENABLE_MODULES = YES;
				CLANG_ENABLE_OBJC_ARC = YES;
				CLANG_ENABLE_OBJC_WEAK = YES;
				CLANG_WARN_BLOCK_CAPTURE_AUTORELEASING = YES;
				CLANG_WARN_BOOL_CONVERSION = YES;
				CLANG_WARN_COMMA = YES;
				CLANG_WARN_CONSTANT_CONVERSION = YES;
				CLANG_WARN_DEPRECATED_OBJC_IMPLEMENTATIONS = YES;
				CLANG_WARN_DIRECT_OBJC_ISA_USAGE = YES_ERROR;
				CLANG_WARN_DOCUMENTATION_COMMENTS = YES;
				CLANG_WARN_EMPTY_BODY = YES;
				CLANG_WARN_ENUM_CONVERSION = YES;
				CLANG_WARN_INFINITE_RECURSION = YES;
				CLANG_WARN_INT_CONVERSION = YES;
				CLANG_WARN_NON_LITERAL_NULL_CONVERSION = YES;
				CLANG_WARN_OBJC_IMPLICIT_RETAIN_SELF = YES;
				CLANG_WARN_OBJC_LITERAL_CONVERSION = YES;
				CLANG_WARN_OBJC_ROOT_CLASS = YES_ERROR;
				CLANG_WARN_QUOTED_INCLUDE_IN_FRAMEWORK_HEADER = YES;
				CLANG_WARN_RANGE_LOOP_ANALYSIS = YES;
				CLANG_WARN_STRICT_PROTOTYPES = YES;
				CLANG_WARN_SUSPICIOUS_MOVE = YES;
				CLANG_WARN_UNGUARDED_AVAILABILITY = YES_AGGRESSIVE;
				CLANG_WARN_UNREACHABLE_CODE = YES;
				CLANG_WARN__DUPLICATE_METHOD_MATCH = YES;
				COPY_PHASE_STRIP = NO;
				DEBUG_INFORMATION_FORMAT = dwarf;
				ENABLE_STRICT_OBJC_MSGSEND = YES;
				ENABLE_TESTABILITY = YES;
				ENABLE_USER_SCRIPT_SANDBOXING = YES;
				GCC_C_LANGUAGE_STANDARD = gnu17;
				GCC_DYNAMIC_NO_PIC = NO;
				GCC_NO_COMMON_BLOCKS = YES;
				GCC_OPTIMIZATION_LEVEL = 0;
				GCC_PREPROCESSOR_DEFINITIONS = (
					"DEBUG=1",
					"$(inherited)",
				);
				GCC_WARN_64_TO_32_BIT_CONVERSION = YES;
				GCC_WARN_ABOUT_RETURN_TYPE = YES_ERROR;
				GCC_WARN_UNDECLARED_SELECTOR = YES;
				GCC_WARN_UNINITIALIZED_AUTOS = YES_AGGRESSIVE;
				GCC_WARN_UNUSED_FUNCTION = YES;
				GCC_WARN_UNUSED_VARIABLE = YES;
				IPHONEOS_DEPLOYMENT_TARGET = 26.0;
				LOCALIZATION_PREFERS_STRING_CATALOGS = YES;
				MTL_ENABLE_DEBUG_INFO = INCLUDE_SOURCE;
				MTL_FAST_MATH = YES;
				ONLY_ACTIVE_ARCH = YES;
				SDKROOT = iphoneos;
				SWIFT_ACTIVE_COMPILATION_CONDITIONS = "DEBUG $(inherited)";
				SWIFT_OPTIMIZATION_LEVEL = "-Onone";
			};
			name = Debug;
		};
		915F51592521763600B4E384 /* Release */ = {
			isa = XCBuildConfiguration;
			buildSettings = {
				ALWAYS_SEARCH_USER_PATHS = NO;
				CLANG_ANALYZER_NONNULL = YES;
				CLANG_ANALYZER_NUMBER_OBJECT_CONVERSION = YES_AGGRESSIVE;
				CLANG_CXX_LANGUAGE_STANDARD = "gnu++20";
				CLANG_ENABLE_MODULES = YES;
				CLANG_ENABLE_OBJC_ARC = YES;
				CLANG_ENABLE_OBJC_WEAK = YES;
				CLANG_WARN_BLOCK_CAPTURE_AUTORELEASING = YES;
				CLANG_WARN_BOOL_CONVERSION = YES;
				CLANG_WARN_COMMA = YES;
				CLANG_WARN_CONSTANT_CONVERSION = YES;
				CLANG_WARN_DEPRECATED_OBJC_IMPLEMENTATIONS = YES;
				CLANG_WARN_DIRECT_OBJC_ISA_USAGE = YES_ERROR;
				CLANG_WARN_DOCUMENTATION_COMMENTS = YES;
				CLANG_WARN_EMPTY_BODY = YES;
				CLANG_WARN_ENUM_CONVERSION = YES;
				CLANG_WARN_INFINITE_RECURSION = YES;
				CLANG_WARN_INT_CONVERSION = YES;
				CLANG_WARN_NON_LITERAL_NULL_CONVERSION = YES;
				CLANG_WARN_OBJC_IMPLICIT_RETAIN_SELF = YES;
				CLANG_WARN_OBJC_LITERAL_CONVERSION = YES;
				CLANG_WARN_OBJC_ROOT_CLASS = YES_ERROR;
				CLANG_WARN_QUOTED_INCLUDE_IN_FRAMEWORK_HEADER = YES;
				CLANG_WARN_RANGE_LOOP_ANALYSIS = YES;
				CLANG_WARN_STRICT_PROTOTYPES = YES;
				CLANG_WARN_SUSPICIOUS_MOVE = YES;
				CLANG_WARN_UNGUARDED_AVAILABILITY = YES_AGGRESSIVE;
				CLANG_WARN_UNREACHABLE_CODE = YES;
				CLANG_WARN__DUPLICATE_METHOD_MATCH = YES;
				COPY_PHASE_STRIP = NO;
				DEBUG_INFORMATION_FORMAT = "dwarf-with-dsym";
				ENABLE_NS_ASSERTIONS = NO;
				ENABLE_STRICT_OBJC_MSGSEND = YES;
				ENABLE_USER_SCRIPT_SANDBOXING = YES;
				GCC_C_LANGUAGE_STANDARD = gnu17;
				GCC_NO_COMMON_BLOCKS = YES;
				GCC_WARN_64_TO_32_BIT_CONVERSION = YES;
				GCC_WARN_ABOUT_RETURN_TYPE = YES_ERROR;
				GCC_WARN_UNDECLARED_SELECTOR = YES;
				GCC_WARN_UNINITIALIZED_AUTOS = YES_AGGRESSIVE;
				GCC_WARN_UNUSED_FUNCTION = YES;
				GCC_WARN_UNUSED_VARIABLE = YES;
				IPHONEOS_DEPLOYMENT_TARGET = 26.0;
				LOCALIZATION_PREFERS_STRING_CATALOGS = YES;
				MTL_ENABLE_DEBUG_INFO = NO;
				MTL_FAST_MATH = YES;
				SDKROOT = iphoneos;
				SWIFT_COMPILATION_MODE = wholemodule;
				VALIDATE_PRODUCT = YES;
			};
			name = Release;
		};
		915F515B2521763600B4E384 /* Debug */ = {
			isa = XCBuildConfiguration;
			buildSettings = {
				ASSETCATALOG_COMPILER_APPICON_NAME = AppIcon;
				ASSETCATALOG_COMPILER_GLOBAL_ACCENT_COLOR_NAME = AccentColor;
				CODE_SIGN_ENTITLEMENTS = NextSunnyDay/NextSunnyDay.entitlements;
				CODE_SIGN_STYLE = Automatic;
				CURRENT_PROJECT_VERSION = 2;
				DEVELOPMENT_ASSET_PATHS = "\"NextSunnyDay/Preview Content\"";
				DEVELOPMENT_TEAM = NA4GG5YL9W;
				ENABLE_PREVIEWS = YES;
				ENABLE_USER_SCRIPT_SANDBOXING = NO;
				INFOPLIST_FILE = NextSunnyDay/Info.plist;
				LD_RUNPATH_SEARCH_PATHS = (
					"$(inherited)",
					"@executable_path/Frameworks",
				);
				MARKETING_VERSION = 1.0.1;
				PRODUCT_BUNDLE_IDENTIFIER = com.naipaka.NextSunnyDay;
				PRODUCT_NAME = "$(TARGET_NAME)";
				SWIFT_EMIT_LOC_STRINGS = YES;
				SWIFT_VERSION = 5.0;
				TARGETED_DEVICE_FAMILY = 1;
			};
			name = Debug;
		};
		915F515C2521763600B4E384 /* Release */ = {
			isa = XCBuildConfiguration;
			buildSettings = {
				ASSETCATALOG_COMPILER_APPICON_NAME = AppIcon;
				ASSETCATALOG_COMPILER_GLOBAL_ACCENT_COLOR_NAME = AccentColor;
				CODE_SIGN_ENTITLEMENTS = NextSunnyDay/NextSunnyDay.entitlements;
				CODE_SIGN_STYLE = Automatic;
				CURRENT_PROJECT_VERSION = 2;
				DEVELOPMENT_ASSET_PATHS = "\"NextSunnyDay/Preview Content\"";
				DEVELOPMENT_TEAM = NA4GG5YL9W;
				ENABLE_PREVIEWS = YES;
				ENABLE_USER_SCRIPT_SANDBOXING = NO;
				INFOPLIST_FILE = NextSunnyDay/Info.plist;
				LD_RUNPATH_SEARCH_PATHS = (
					"$(inherited)",
					"@executable_path/Frameworks",
				);
				MARKETING_VERSION = 1.0.1;
				PRODUCT_BUNDLE_IDENTIFIER = com.naipaka.NextSunnyDay;
				PRODUCT_NAME = "$(TARGET_NAME)";
				SWIFT_EMIT_LOC_STRINGS = YES;
				SWIFT_VERSION = 5.0;
				TARGETED_DEVICE_FAMILY = 1;
			};
			name = Release;
		};
		915F515E2521763600B4E384 /* Debug */ = {
			isa = XCBuildConfiguration;
			buildSettings = {
				BUNDLE_LOADER = "$(TEST_HOST)";
				CODE_SIGN_STYLE = Automatic;
				DEVELOPMENT_TEAM = NA4GG5YL9W;
				GENERATE_INFOPLIST_FILE = YES;
				PRODUCT_BUNDLE_IDENTIFIER = com.naipaka.NextSunnyDayTests;
				PRODUCT_NAME = "$(TARGET_NAME)";
				SWIFT_EMIT_LOC_STRINGS = NO;
				SWIFT_VERSION = 5.0;
				TARGETED_DEVICE_FAMILY = "1,2";
				TEST_HOST = "$(BUILT_PRODUCTS_DIR)/NextSunnyDay.app/$(BUNDLE_EXECUTABLE_FOLDER_PATH)/NextSunnyDay";
			};
			name = Debug;
		};
		915F515F2521763600B4E384 /* Release */ = {
			isa = XCBuildConfiguration;
			buildSettings = {
				BUNDLE_LOADER = "$(TEST_HOST)";
				CODE_SIGN_STYLE = Automatic;
				DEVELOPMENT_TEAM = NA4GG5YL9W;
				GENERATE_INFOPLIST_FILE = YES;
				PRODUCT_BUNDLE_IDENTIFIER = com.naipaka.NextSunnyDayTests;
				PRODUCT_NAME = "$(TARGET_NAME)";
				SWIFT_EMIT_LOC_STRINGS = NO;
				SWIFT_VERSION = 5.0;
				TARGETED_DEVICE_FAMILY = "1,2";
				TEST_HOST = "$(BUILT_PRODUCTS_DIR)/NextSunnyDay.app/$(BUNDLE_EXECUTABLE_FOLDER_PATH)/NextSunnyDay";
			};
			name = Release;
		};
/* End XCBuildConfiguration section */

/* Begin XCConfigurationList section */
		91044081253DDA9700A21F20 /* Build configuration list for PBXNativeTarget "NextSunnyDayWidgetExtension" */ = {
			isa = XCConfigurationList;
			buildConfigurations = (
				9104407F253DDA9700A21F20 /* Debug */,
				91044080253DDA9700A21F20 /* Release */,
			);
			defaultConfigurationIsVisible = 0;
			defaultConfigurationName = Release;
		};
		915F51302521763500B4E384 /* Build configuration list for PBXProject "NextSunnyDay" */ = {
			isa = XCConfigurationList;
			buildConfigurations = (
				915F51582521763600B4E384 /* Debug */,
				915F51592521763600B4E384 /* Release */,
			);
			defaultConfigurationIsVisible = 0;
			defaultConfigurationName = Release;
		};
		915F515A2521763600B4E384 /* Build configuration list for PBXNativeTarget "NextSunnyDay" */ = {
			isa = XCConfigurationList;
			buildConfigurations = (
				915F515B2521763600B4E384 /* Debug */,
				915F515C2521763600B4E384 /* Release */,
			);
			defaultConfigurationIsVisible = 0;
			defaultConfigurationName = Release;
		};
		915F515D2521763600B4E384 /* Build configuration list for PBXNativeTarget "NextSunnyDayTests" */ = {
			isa = XCConfigurationList;
			buildConfigurations = (
				915F515E2521763600B4E384 /* Debug */,
				915F515F2521763600B4E384 /* Release */,
			);
			defaultConfigurationIsVisible = 0;
			defaultConfigurationName = Release;
		};
/* End XCConfigurationList section */

/* Begin XCRemoteSwiftPackageReference section */
		919EA78225304DAB008BC359 /* XCRemoteSwiftPackageReference "realm-cocoa" */ = {
			isa = XCRemoteSwiftPackageReference;
			repositoryURL = "https://github.com/realm/realm-cocoa";
			requirement = {
				kind = upToNextMajorVersion;
				minimumVersion = 5.5.0;
			};
		};
/* End XCRemoteSwiftPackageReference section */

/* Begin XCSwiftPackageProductDependency section */
		919EA78325304DAB008BC359 /* Realm */ = {
			isa = XCSwiftPackageProductDependency;
			package = 919EA78225304DAB008BC359 /* XCRemoteSwiftPackageReference "realm-cocoa" */;
			productName = Realm;
		};
		919EA78525304DAB008BC359 /* RealmSwift */ = {
			isa = XCSwiftPackageProductDependency;
			package = 919EA78225304DAB008BC359 /* XCRemoteSwiftPackageReference "realm-cocoa" */;
			productName = RealmSwift;
		};
		91F6A1FB253EBF9E00E9D7B2 /* Realm */ = {
			isa = XCSwiftPackageProductDependency;
			package = 919EA78225304DAB008BC359 /* XCRemoteSwiftPackageReference "realm-cocoa" */;
			productName = Realm;
		};
		91F6A1FD253EBF9E00E9D7B2 /* RealmSwift */ = {
			isa = XCSwiftPackageProductDependency;
			package = 919EA78225304DAB008BC359 /* XCRemoteSwiftPackageReference "realm-cocoa" */;
			productName = RealmSwift;
		};
/* End XCSwiftPackageProductDependency section */
	};
	rootObject = 915F512D2521763500B4E384 /* Project object */;
}
