// !$*UTF8*$!
{
	archiveVersion = 1;
	classes = {
	};
	objectVersion = 52;
	objects = {

/* Begin PBXBuildFile section */
		91500CB9253306AC00D5F47D /* Rswift in Frameworks */ = {isa = PBXBuildFile; productRef = 91500CB8253306AC00D5F47D /* Rswift */; };
		91500CCF2533404300D5F47D /* R.generated.swift in Sources */ = {isa = PBXBuildFile; fileRef = 91500CCE2533404300D5F47D /* R.generated.swift */; };
		91500CD92533476F00D5F47D /* Home.strings in Resources */ = {isa = PBXBuildFile; fileRef = 91500CD82533476F00D5F47D /* Home.strings */; };
		91500CE22533497200D5F47D /* SystemName.strings in Resources */ = {isa = PBXBuildFile; fileRef = 91500CE12533497200D5F47D /* SystemName.strings */; };
		915F51392521763500B4E384 /* NextSunnyDayApp.swift in Sources */ = {isa = PBXBuildFile; fileRef = 915F51382521763500B4E384 /* NextSunnyDayApp.swift */; };
		915F513B2521763500B4E384 /* HomeView.swift in Sources */ = {isa = PBXBuildFile; fileRef = 915F513A2521763500B4E384 /* HomeView.swift */; };
		915F513D2521763600B4E384 /* Assets.xcassets in Resources */ = {isa = PBXBuildFile; fileRef = 915F513C2521763600B4E384 /* Assets.xcassets */; };
		915F51402521763600B4E384 /* Preview Assets.xcassets in Resources */ = {isa = PBXBuildFile; fileRef = 915F513F2521763600B4E384 /* Preview Assets.xcassets */; };
		915F514B2521763600B4E384 /* NextSunnyDayTests.swift in Sources */ = {isa = PBXBuildFile; fileRef = 915F514A2521763600B4E384 /* NextSunnyDayTests.swift */; };
		915F51562521763600B4E384 /* NextSunnyDayUITests.swift in Sources */ = {isa = PBXBuildFile; fileRef = 915F51552521763600B4E384 /* NextSunnyDayUITests.swift */; };
		917094E82535423C00975181 /* NextSunnyDayMediumView.swift in Sources */ = {isa = PBXBuildFile; fileRef = 917094E72535423C00975181 /* NextSunnyDayMediumView.swift */; };
		917094ED2535427000975181 /* NextSunnyDay.strings in Resources */ = {isa = PBXBuildFile; fileRef = 917094EC2535427000975181 /* NextSunnyDay.strings */; };
		917094F2253545DB00975181 /* NextSunnyDaySmallView.swift in Sources */ = {isa = PBXBuildFile; fileRef = 917094F1253545DB00975181 /* NextSunnyDaySmallView.swift */; };
		917094FA253549DC00975181 /* NextSunnyDayViewModel.swift in Sources */ = {isa = PBXBuildFile; fileRef = 917094F9253549DC00975181 /* NextSunnyDayViewModel.swift */; };
		917094FF2535559000975181 /* WeatherConditionCode.swift in Sources */ = {isa = PBXBuildFile; fileRef = 917094FE2535559000975181 /* WeatherConditionCode.swift */; };
		917E414E2525B13F00D77C3F /* DailyWeatherForecastResponse.swift in Sources */ = {isa = PBXBuildFile; fileRef = 917E414D2525B13F00D77C3F /* DailyWeatherForecastResponse.swift */; };
		917E415F2525C85600D77C3F /* WeatherError.swift in Sources */ = {isa = PBXBuildFile; fileRef = 917E415E2525C85600D77C3F /* WeatherError.swift */; };
		917E41642525CA5D00D77C3F /* AccessTokens.swift in Sources */ = {isa = PBXBuildFile; fileRef = 917E41632525CA5D00D77C3F /* AccessTokens.swift */; };
		917E416C2525CE6C00D77C3F /* WeatherFetcher.swift in Sources */ = {isa = PBXBuildFile; fileRef = 917E416B2525CE6C00D77C3F /* WeatherFetcher.swift */; };
		919EA78425304DAB008BC359 /* Realm in Frameworks */ = {isa = PBXBuildFile; productRef = 919EA78325304DAB008BC359 /* Realm */; };
		919EA78625304DAB008BC359 /* RealmSwift in Frameworks */ = {isa = PBXBuildFile; productRef = 919EA78525304DAB008BC359 /* RealmSwift */; };
		919EA78B253051F1008BC359 /* DailyWeatherForecastEntity.swift in Sources */ = {isa = PBXBuildFile; fileRef = 919EA78A253051F1008BC359 /* DailyWeatherForecastEntity.swift */; };
		91A2960F2534369F00CCC7B2 /* ViewModelObject.swift in Sources */ = {isa = PBXBuildFile; fileRef = 91A2960E2534369F00CCC7B2 /* ViewModelObject.swift */; };
		91A2961725344DB700CCC7B2 /* HomeViewModel.swift in Sources */ = {isa = PBXBuildFile; fileRef = 91A2961625344DB700CCC7B2 /* HomeViewModel.swift */; };
		91DDF1A2253699DC009F9A96 /* Date+Extension.swift in Sources */ = {isa = PBXBuildFile; fileRef = 91DDF1A1253699DC009F9A96 /* Date+Extension.swift */; };
		91DDF1A72536AC16009F9A96 /* DailyWeatherViewModel.swift in Sources */ = {isa = PBXBuildFile; fileRef = 91DDF1A62536AC16009F9A96 /* DailyWeatherViewModel.swift */; };
		91DDF1AC2536C052009F9A96 /* DailyWeather.strings in Resources */ = {isa = PBXBuildFile; fileRef = 91DDF1AB2536C052009F9A96 /* DailyWeather.strings */; };
/* End PBXBuildFile section */

/* Begin PBXContainerItemProxy section */
		915F51472521763600B4E384 /* PBXContainerItemProxy */ = {
			isa = PBXContainerItemProxy;
			containerPortal = 915F512D2521763500B4E384 /* Project object */;
			proxyType = 1;
			remoteGlobalIDString = 915F51342521763500B4E384;
			remoteInfo = NextSunnyDay;
		};
		915F51522521763600B4E384 /* PBXContainerItemProxy */ = {
			isa = PBXContainerItemProxy;
			containerPortal = 915F512D2521763500B4E384 /* Project object */;
			proxyType = 1;
			remoteGlobalIDString = 915F51342521763500B4E384;
			remoteInfo = NextSunnyDay;
		};
/* End PBXContainerItemProxy section */

/* Begin PBXFileReference section */
		91500CCE2533404300D5F47D /* R.generated.swift */ = {isa = PBXFileReference; fileEncoding = 4; lastKnownFileType = sourcecode.swift; path = R.generated.swift; sourceTree = "<group>"; };
		91500CD82533476F00D5F47D /* Home.strings */ = {isa = PBXFileReference; lastKnownFileType = text.plist.strings; path = Home.strings; sourceTree = "<group>"; };
		91500CE12533497200D5F47D /* SystemName.strings */ = {isa = PBXFileReference; lastKnownFileType = text.plist.strings; path = SystemName.strings; sourceTree = "<group>"; };
		915F51352521763500B4E384 /* NextSunnyDay.app */ = {isa = PBXFileReference; explicitFileType = wrapper.application; includeInIndex = 0; path = NextSunnyDay.app; sourceTree = BUILT_PRODUCTS_DIR; };
		915F51382521763500B4E384 /* NextSunnyDayApp.swift */ = {isa = PBXFileReference; lastKnownFileType = sourcecode.swift; path = NextSunnyDayApp.swift; sourceTree = "<group>"; };
		915F513A2521763500B4E384 /* HomeView.swift */ = {isa = PBXFileReference; lastKnownFileType = sourcecode.swift; path = HomeView.swift; sourceTree = "<group>"; };
		915F513C2521763600B4E384 /* Assets.xcassets */ = {isa = PBXFileReference; lastKnownFileType = folder.assetcatalog; path = Assets.xcassets; sourceTree = "<group>"; };
		915F513F2521763600B4E384 /* Preview Assets.xcassets */ = {isa = PBXFileReference; lastKnownFileType = folder.assetcatalog; path = "Preview Assets.xcassets"; sourceTree = "<group>"; };
		915F51412521763600B4E384 /* Info.plist */ = {isa = PBXFileReference; lastKnownFileType = text.plist.xml; path = Info.plist; sourceTree = "<group>"; };
		915F51462521763600B4E384 /* NextSunnyDayTests.xctest */ = {isa = PBXFileReference; explicitFileType = wrapper.cfbundle; includeInIndex = 0; path = NextSunnyDayTests.xctest; sourceTree = BUILT_PRODUCTS_DIR; };
		915F514A2521763600B4E384 /* NextSunnyDayTests.swift */ = {isa = PBXFileReference; lastKnownFileType = sourcecode.swift; path = NextSunnyDayTests.swift; sourceTree = "<group>"; };
		915F514C2521763600B4E384 /* Info.plist */ = {isa = PBXFileReference; lastKnownFileType = text.plist.xml; path = Info.plist; sourceTree = "<group>"; };
		915F51512521763600B4E384 /* NextSunnyDayUITests.xctest */ = {isa = PBXFileReference; explicitFileType = wrapper.cfbundle; includeInIndex = 0; path = NextSunnyDayUITests.xctest; sourceTree = BUILT_PRODUCTS_DIR; };
		915F51552521763600B4E384 /* NextSunnyDayUITests.swift */ = {isa = PBXFileReference; lastKnownFileType = sourcecode.swift; path = NextSunnyDayUITests.swift; sourceTree = "<group>"; };
		915F51572521763600B4E384 /* Info.plist */ = {isa = PBXFileReference; lastKnownFileType = text.plist.xml; path = Info.plist; sourceTree = "<group>"; };
		917094E72535423C00975181 /* NextSunnyDayMediumView.swift */ = {isa = PBXFileReference; lastKnownFileType = sourcecode.swift; path = NextSunnyDayMediumView.swift; sourceTree = "<group>"; };
		917094EC2535427000975181 /* NextSunnyDay.strings */ = {isa = PBXFileReference; lastKnownFileType = text.plist.strings; path = NextSunnyDay.strings; sourceTree = "<group>"; };
		917094F1253545DB00975181 /* NextSunnyDaySmallView.swift */ = {isa = PBXFileReference; lastKnownFileType = sourcecode.swift; path = NextSunnyDaySmallView.swift; sourceTree = "<group>"; };
		917094F9253549DC00975181 /* NextSunnyDayViewModel.swift */ = {isa = PBXFileReference; lastKnownFileType = sourcecode.swift; path = NextSunnyDayViewModel.swift; sourceTree = "<group>"; };
		917094FE2535559000975181 /* WeatherConditionCode.swift */ = {isa = PBXFileReference; lastKnownFileType = sourcecode.swift; path = WeatherConditionCode.swift; sourceTree = "<group>"; };
		917E414D2525B13F00D77C3F /* DailyWeatherForecastResponse.swift */ = {isa = PBXFileReference; lastKnownFileType = sourcecode.swift; path = DailyWeatherForecastResponse.swift; sourceTree = "<group>"; };
		917E415E2525C85600D77C3F /* WeatherError.swift */ = {isa = PBXFileReference; lastKnownFileType = sourcecode.swift; path = WeatherError.swift; sourceTree = "<group>"; };
		917E41632525CA5D00D77C3F /* AccessTokens.swift */ = {isa = PBXFileReference; lastKnownFileType = sourcecode.swift; path = AccessTokens.swift; sourceTree = "<group>"; };
		917E416B2525CE6C00D77C3F /* WeatherFetcher.swift */ = {isa = PBXFileReference; lastKnownFileType = sourcecode.swift; path = WeatherFetcher.swift; sourceTree = "<group>"; };
		919EA78A253051F1008BC359 /* DailyWeatherForecastEntity.swift */ = {isa = PBXFileReference; lastKnownFileType = sourcecode.swift; path = DailyWeatherForecastEntity.swift; sourceTree = "<group>"; };
		91A2960E2534369F00CCC7B2 /* ViewModelObject.swift */ = {isa = PBXFileReference; lastKnownFileType = sourcecode.swift; path = ViewModelObject.swift; sourceTree = "<group>"; };
		91A2961625344DB700CCC7B2 /* HomeViewModel.swift */ = {isa = PBXFileReference; lastKnownFileType = sourcecode.swift; path = HomeViewModel.swift; sourceTree = "<group>"; };
		91DDF1A1253699DC009F9A96 /* Date+Extension.swift */ = {isa = PBXFileReference; lastKnownFileType = sourcecode.swift; path = "Date+Extension.swift"; sourceTree = "<group>"; };
		91DDF1A62536AC16009F9A96 /* DailyWeatherViewModel.swift */ = {isa = PBXFileReference; lastKnownFileType = sourcecode.swift; path = DailyWeatherViewModel.swift; sourceTree = "<group>"; };
		91DDF1AB2536C052009F9A96 /* DailyWeather.strings */ = {isa = PBXFileReference; lastKnownFileType = text.plist.strings; path = DailyWeather.strings; sourceTree = "<group>"; };
/* End PBXFileReference section */

/* Begin PBXFrameworksBuildPhase section */
		915F51322521763500B4E384 /* Frameworks */ = {
			isa = PBXFrameworksBuildPhase;
			buildActionMask = 2147483647;
			files = (
				91500CB9253306AC00D5F47D /* Rswift in Frameworks */,
				919EA78625304DAB008BC359 /* RealmSwift in Frameworks */,
				919EA78425304DAB008BC359 /* Realm in Frameworks */,
			);
			runOnlyForDeploymentPostprocessing = 0;
		};
		915F51432521763600B4E384 /* Frameworks */ = {
			isa = PBXFrameworksBuildPhase;
			buildActionMask = 2147483647;
			files = (
			);
			runOnlyForDeploymentPostprocessing = 0;
		};
		915F514E2521763600B4E384 /* Frameworks */ = {
			isa = PBXFrameworksBuildPhase;
			buildActionMask = 2147483647;
			files = (
			);
			runOnlyForDeploymentPostprocessing = 0;
		};
/* End PBXFrameworksBuildPhase section */

/* Begin PBXGroup section */
		91500CBD2533074C00D5F47D /* Resourece */ = {
			isa = PBXGroup;
			children = (
				91500CD62533474700D5F47D /* strings */,
			);
			path = Resourece;
			sourceTree = "<group>";
		};
		91500CCA25333FAD00D5F47D /* Script */ = {
			isa = PBXGroup;
			children = (
				91500CCE2533404300D5F47D /* R.generated.swift */,
			);
			path = Script;
			sourceTree = "<group>";
		};
		91500CD62533474700D5F47D /* strings */ = {
			isa = PBXGroup;
			children = (
				91500CE12533497200D5F47D /* SystemName.strings */,
				91500CD82533476F00D5F47D /* Home.strings */,
				917094EC2535427000975181 /* NextSunnyDay.strings */,
				91DDF1AB2536C052009F9A96 /* DailyWeather.strings */,
			);
			path = strings;
			sourceTree = "<group>";
		};
		915F512C2521763500B4E384 = {
			isa = PBXGroup;
			children = (
				915F51372521763500B4E384 /* NextSunnyDay */,
				915F51492521763600B4E384 /* NextSunnyDayTests */,
				915F51542521763600B4E384 /* NextSunnyDayUITests */,
				915F51362521763500B4E384 /* Products */,
			);
			sourceTree = "<group>";
		};
		915F51362521763500B4E384 /* Products */ = {
			isa = PBXGroup;
			children = (
				915F51352521763500B4E384 /* NextSunnyDay.app */,
				915F51462521763600B4E384 /* NextSunnyDayTests.xctest */,
				915F51512521763600B4E384 /* NextSunnyDayUITests.xctest */,
			);
			name = Products;
			sourceTree = "<group>";
		};
		915F51372521763500B4E384 /* NextSunnyDay */ = {
			isa = PBXGroup;
			children = (
				915F51382521763500B4E384 /* NextSunnyDayApp.swift */,
				915F516A2521880800B4E384 /* API */,
				915F516F2521883F00B4E384 /* Model */,
				915F516E2521883600B4E384 /* View */,
				915F516D2521882F00B4E384 /* ViewModel */,
				915F516C2521882800B4E384 /* Protocol */,
				915F516B2521881D00B4E384 /* Extension */,
				91500CCA25333FAD00D5F47D /* Script */,
				91500CBD2533074C00D5F47D /* Resourece */,
				915F513C2521763600B4E384 /* Assets.xcassets */,
				915F51412521763600B4E384 /* Info.plist */,
				915F513E2521763600B4E384 /* Preview Content */,
			);
			path = NextSunnyDay;
			sourceTree = "<group>";
		};
		915F513E2521763600B4E384 /* Preview Content */ = {
			isa = PBXGroup;
			children = (
				915F513F2521763600B4E384 /* Preview Assets.xcassets */,
			);
			path = "Preview Content";
			sourceTree = "<group>";
		};
		915F51492521763600B4E384 /* NextSunnyDayTests */ = {
			isa = PBXGroup;
			children = (
				915F514A2521763600B4E384 /* NextSunnyDayTests.swift */,
				915F514C2521763600B4E384 /* Info.plist */,
			);
			path = NextSunnyDayTests;
			sourceTree = "<group>";
		};
		915F51542521763600B4E384 /* NextSunnyDayUITests */ = {
			isa = PBXGroup;
			children = (
				915F51552521763600B4E384 /* NextSunnyDayUITests.swift */,
				915F51572521763600B4E384 /* Info.plist */,
			);
			path = NextSunnyDayUITests;
			sourceTree = "<group>";
		};
		915F516A2521880800B4E384 /* API */ = {
			isa = PBXGroup;
			children = (
				917E41632525CA5D00D77C3F /* AccessTokens.swift */,
				917E414C2525B11200D77C3F /* OpenWeatherAPI */,
			);
			path = API;
			sourceTree = "<group>";
		};
		915F516B2521881D00B4E384 /* Extension */ = {
			isa = PBXGroup;
			children = (
				91DDF1A1253699DC009F9A96 /* Date+Extension.swift */,
			);
			path = Extension;
			sourceTree = "<group>";
		};
		915F516C2521882800B4E384 /* Protocol */ = {
			isa = PBXGroup;
			children = (
				91A2960E2534369F00CCC7B2 /* ViewModelObject.swift */,
			);
			path = Protocol;
			sourceTree = "<group>";
		};
		915F516D2521882F00B4E384 /* ViewModel */ = {
			isa = PBXGroup;
			children = (
				91A2961625344DB700CCC7B2 /* HomeViewModel.swift */,
				917094F9253549DC00975181 /* NextSunnyDayViewModel.swift */,
				91DDF1A62536AC16009F9A96 /* DailyWeatherViewModel.swift */,
			);
			path = ViewModel;
			sourceTree = "<group>";
		};
		915F516E2521883600B4E384 /* View */ = {
			isa = PBXGroup;
			children = (
				915F513A2521763500B4E384 /* HomeView.swift */,
				917094F1253545DB00975181 /* NextSunnyDaySmallView.swift */,
				917094E72535423C00975181 /* NextSunnyDayMediumView.swift */,
			);
			path = View;
			sourceTree = "<group>";
		};
		915F516F2521883F00B4E384 /* Model */ = {
			isa = PBXGroup;
			children = (
				919EA78A253051F1008BC359 /* DailyWeatherForecastEntity.swift */,
			);
			path = Model;
			sourceTree = "<group>";
		};
		917E414C2525B11200D77C3F /* OpenWeatherAPI */ = {
			isa = PBXGroup;
			children = (
				917E414D2525B13F00D77C3F /* DailyWeatherForecastResponse.swift */,
				917E416B2525CE6C00D77C3F /* WeatherFetcher.swift */,
				917E415E2525C85600D77C3F /* WeatherError.swift */,
				917094FE2535559000975181 /* WeatherConditionCode.swift */,
			);
			path = OpenWeatherAPI;
			sourceTree = "<group>";
		};
/* End PBXGroup section */

/* Begin PBXNativeTarget section */
		915F51342521763500B4E384 /* NextSunnyDay */ = {
			isa = PBXNativeTarget;
			buildConfigurationList = 915F515A2521763600B4E384 /* Build configuration list for PBXNativeTarget "NextSunnyDay" */;
			buildPhases = (
				91500CAE2533044C00D5F47D /* R.Swift */,
				915F51312521763500B4E384 /* Sources */,
				917E40C82522D90600D77C3F /* SwiftLint */,
				915F51322521763500B4E384 /* Frameworks */,
				915F51332521763500B4E384 /* Resources */,
			);
			buildRules = (
			);
			dependencies = (
			);
			name = NextSunnyDay;
			packageProductDependencies = (
				919EA78325304DAB008BC359 /* Realm */,
				919EA78525304DAB008BC359 /* RealmSwift */,
				91500CB8253306AC00D5F47D /* Rswift */,
			);
			productName = NextSunnyDay;
			productReference = 915F51352521763500B4E384 /* NextSunnyDay.app */;
			productType = "com.apple.product-type.application";
		};
		915F51452521763600B4E384 /* NextSunnyDayTests */ = {
			isa = PBXNativeTarget;
			buildConfigurationList = 915F515D2521763600B4E384 /* Build configuration list for PBXNativeTarget "NextSunnyDayTests" */;
			buildPhases = (
				915F51422521763600B4E384 /* Sources */,
				915F51432521763600B4E384 /* Frameworks */,
				915F51442521763600B4E384 /* Resources */,
			);
			buildRules = (
			);
			dependencies = (
				915F51482521763600B4E384 /* PBXTargetDependency */,
			);
			name = NextSunnyDayTests;
			productName = NextSunnyDayTests;
			productReference = 915F51462521763600B4E384 /* NextSunnyDayTests.xctest */;
			productType = "com.apple.product-type.bundle.unit-test";
		};
		915F51502521763600B4E384 /* NextSunnyDayUITests */ = {
			isa = PBXNativeTarget;
			buildConfigurationList = 915F51602521763600B4E384 /* Build configuration list for PBXNativeTarget "NextSunnyDayUITests" */;
			buildPhases = (
				915F514D2521763600B4E384 /* Sources */,
				915F514E2521763600B4E384 /* Frameworks */,
				915F514F2521763600B4E384 /* Resources */,
			);
			buildRules = (
			);
			dependencies = (
				915F51532521763600B4E384 /* PBXTargetDependency */,
			);
			name = NextSunnyDayUITests;
			productName = NextSunnyDayUITests;
			productReference = 915F51512521763600B4E384 /* NextSunnyDayUITests.xctest */;
			productType = "com.apple.product-type.bundle.ui-testing";
		};
/* End PBXNativeTarget section */

/* Begin PBXProject section */
		915F512D2521763500B4E384 /* Project object */ = {
			isa = PBXProject;
			attributes = {
				LastSwiftUpdateCheck = 1200;
				LastUpgradeCheck = 1200;
				TargetAttributes = {
					915F51342521763500B4E384 = {
						CreatedOnToolsVersion = 12.0.1;
					};
					915F51452521763600B4E384 = {
						CreatedOnToolsVersion = 12.0.1;
						TestTargetID = 915F51342521763500B4E384;
					};
					915F51502521763600B4E384 = {
						CreatedOnToolsVersion = 12.0.1;
						TestTargetID = 915F51342521763500B4E384;
					};
				};
			};
			buildConfigurationList = 915F51302521763500B4E384 /* Build configuration list for PBXProject "NextSunnyDay" */;
			compatibilityVersion = "Xcode 9.3";
			developmentRegion = en;
			hasScannedForEncodings = 0;
			knownRegions = (
				en,
				Base,
			);
			mainGroup = 915F512C2521763500B4E384;
			packageReferences = (
				919EA78225304DAB008BC359 /* XCRemoteSwiftPackageReference "realm-cocoa" */,
				91500CB7253306AC00D5F47D /* XCRemoteSwiftPackageReference "R.swift" */,
			);
			productRefGroup = 915F51362521763500B4E384 /* Products */;
			projectDirPath = "";
			projectRoot = "";
			targets = (
				915F51342521763500B4E384 /* NextSunnyDay */,
				915F51452521763600B4E384 /* NextSunnyDayTests */,
				915F51502521763600B4E384 /* NextSunnyDayUITests */,
			);
		};
/* End PBXProject section */

/* Begin PBXResourcesBuildPhase section */
		915F51332521763500B4E384 /* Resources */ = {
			isa = PBXResourcesBuildPhase;
			buildActionMask = 2147483647;
			files = (
				915F51402521763600B4E384 /* Preview Assets.xcassets in Resources */,
				917094ED2535427000975181 /* NextSunnyDay.strings in Resources */,
				915F513D2521763600B4E384 /* Assets.xcassets in Resources */,
				91500CD92533476F00D5F47D /* Home.strings in Resources */,
				91DDF1AC2536C052009F9A96 /* DailyWeather.strings in Resources */,
				91500CE22533497200D5F47D /* SystemName.strings in Resources */,
			);
			runOnlyForDeploymentPostprocessing = 0;
		};
		915F51442521763600B4E384 /* Resources */ = {
			isa = PBXResourcesBuildPhase;
			buildActionMask = 2147483647;
			files = (
			);
			runOnlyForDeploymentPostprocessing = 0;
		};
		915F514F2521763600B4E384 /* Resources */ = {
			isa = PBXResourcesBuildPhase;
			buildActionMask = 2147483647;
			files = (
			);
			runOnlyForDeploymentPostprocessing = 0;
		};
/* End PBXResourcesBuildPhase section */

/* Begin PBXShellScriptBuildPhase section */
		91500CAE2533044C00D5F47D /* R.Swift */ = {
			isa = PBXShellScriptBuildPhase;
			buildActionMask = 2147483647;
			files = (
			);
			inputFileListPaths = (
			);
			inputPaths = (
				"$TEMP_DIR/rswift-lastrun",
			);
			name = R.Swift;
			outputFileListPaths = (
			);
			outputPaths = (
				$SRCROOT/NextSunnyDay/Script/R.generated.swift,
			);
			runOnlyForDeploymentPostprocessing = 0;
			shellPath = /bin/sh;
			shellScript = "if mint list | grep -q 'R.swift'; then\n  mint run R.swift rswift generate \"$SRCROOT/NextSunnyDay/Script/R.generated.swift\"\nelse\n  echo \"error: R.swift not installed; run 'mint bootstrap' to install\"\n  return -1\nfi\n";
		};
		917E40C82522D90600D77C3F /* SwiftLint */ = {
			isa = PBXShellScriptBuildPhase;
			buildActionMask = 2147483647;
			files = (
			);
			inputFileListPaths = (
			);
			inputPaths = (
			);
			name = SwiftLint;
			outputFileListPaths = (
			);
			outputPaths = (
			);
			runOnlyForDeploymentPostprocessing = 0;
			shellPath = /bin/sh;
			shellScript = "unset SDKROOT\nif which mint >/dev/null; then\n  mint run swiftlint swiftlint autocorrect --format\n  mint run swiftlint swiftlint\nelse\n  echo \"warning: Mint not installed, download from https://github.com/yonaskolb/Mint\"\nfi\n";
		};
/* End PBXShellScriptBuildPhase section */

/* Begin PBXSourcesBuildPhase section */
		915F51312521763500B4E384 /* Sources */ = {
			isa = PBXSourcesBuildPhase;
			buildActionMask = 2147483647;
			files = (
				917E416C2525CE6C00D77C3F /* WeatherFetcher.swift in Sources */,
				917E414E2525B13F00D77C3F /* DailyWeatherForecastResponse.swift in Sources */,
				917094FA253549DC00975181 /* NextSunnyDayViewModel.swift in Sources */,
				915F513B2521763500B4E384 /* HomeView.swift in Sources */,
				91A2961725344DB700CCC7B2 /* HomeViewModel.swift in Sources */,
				91DDF1A72536AC16009F9A96 /* DailyWeatherViewModel.swift in Sources */,
				91DDF1A2253699DC009F9A96 /* Date+Extension.swift in Sources */,
				91500CCF2533404300D5F47D /* R.generated.swift in Sources */,
				915F51392521763500B4E384 /* NextSunnyDayApp.swift in Sources */,
				917E41642525CA5D00D77C3F /* AccessTokens.swift in Sources */,
				917094E82535423C00975181 /* NextSunnyDayMediumView.swift in Sources */,
				917094F2253545DB00975181 /* NextSunnyDaySmallView.swift in Sources */,
				91A2960F2534369F00CCC7B2 /* ViewModelObject.swift in Sources */,
				917E415F2525C85600D77C3F /* WeatherError.swift in Sources */,
				919EA78B253051F1008BC359 /* DailyWeatherForecastEntity.swift in Sources */,
				917094FF2535559000975181 /* WeatherConditionCode.swift in Sources */,
			);
			runOnlyForDeploymentPostprocessing = 0;
		};
		915F51422521763600B4E384 /* Sources */ = {
			isa = PBXSourcesBuildPhase;
			buildActionMask = 2147483647;
			files = (
				915F514B2521763600B4E384 /* NextSunnyDayTests.swift in Sources */,
			);
			runOnlyForDeploymentPostprocessing = 0;
		};
		915F514D2521763600B4E384 /* Sources */ = {
			isa = PBXSourcesBuildPhase;
			buildActionMask = 2147483647;
			files = (
				915F51562521763600B4E384 /* NextSunnyDayUITests.swift in Sources */,
			);
			runOnlyForDeploymentPostprocessing = 0;
		};
/* End PBXSourcesBuildPhase section */

/* Begin PBXTargetDependency section */
		915F51482521763600B4E384 /* PBXTargetDependency */ = {
			isa = PBXTargetDependency;
			target = 915F51342521763500B4E384 /* NextSunnyDay */;
			targetProxy = 915F51472521763600B4E384 /* PBXContainerItemProxy */;
		};
		915F51532521763600B4E384 /* PBXTargetDependency */ = {
			isa = PBXTargetDependency;
			target = 915F51342521763500B4E384 /* NextSunnyDay */;
			targetProxy = 915F51522521763600B4E384 /* PBXContainerItemProxy */;
		};
/* End PBXTargetDependency section */

/* Begin XCBuildConfiguration section */
		915F51582521763600B4E384 /* Debug */ = {
			isa = XCBuildConfiguration;
			buildSettings = {
				ALWAYS_SEARCH_USER_PATHS = NO;
				CLANG_ANALYZER_NONNULL = YES;
				CLANG_ANALYZER_NUMBER_OBJECT_CONVERSION = YES_AGGRESSIVE;
				CLANG_CXX_LANGUAGE_STANDARD = "gnu++14";
				CLANG_CXX_LIBRARY = "libc++";
				CLANG_ENABLE_MODULES = YES;
				CLANG_ENABLE_OBJC_ARC = YES;
				CLANG_ENABLE_OBJC_WEAK = YES;
				CLANG_WARN_BLOCK_CAPTURE_AUTORELEASING = YES;
				CLANG_WARN_BOOL_CONVERSION = YES;
				CLANG_WARN_COMMA = YES;
				CLANG_WARN_CONSTANT_CONVERSION = YES;
				CLANG_WARN_DEPRECATED_OBJC_IMPLEMENTATIONS = YES;
				CLANG_WARN_DIRECT_OBJC_ISA_USAGE = YES_ERROR;
				CLANG_WARN_DOCUMENTATION_COMMENTS = YES;
				CLANG_WARN_EMPTY_BODY = YES;
				CLANG_WARN_ENUM_CONVERSION = YES;
				CLANG_WARN_INFINITE_RECURSION = YES;
				CLANG_WARN_INT_CONVERSION = YES;
				CLANG_WARN_NON_LITERAL_NULL_CONVERSION = YES;
				CLANG_WARN_OBJC_IMPLICIT_RETAIN_SELF = YES;
				CLANG_WARN_OBJC_LITERAL_CONVERSION = YES;
				CLANG_WARN_OBJC_ROOT_CLASS = YES_ERROR;
				CLANG_WARN_QUOTED_INCLUDE_IN_FRAMEWORK_HEADER = YES;
				CLANG_WARN_RANGE_LOOP_ANALYSIS = YES;
				CLANG_WARN_STRICT_PROTOTYPES = YES;
				CLANG_WARN_SUSPICIOUS_MOVE = YES;
				CLANG_WARN_UNGUARDED_AVAILABILITY = YES_AGGRESSIVE;
				CLANG_WARN_UNREACHABLE_CODE = YES;
				CLANG_WARN__DUPLICATE_METHOD_MATCH = YES;
				COPY_PHASE_STRIP = NO;
				DEBUG_INFORMATION_FORMAT = dwarf;
				ENABLE_STRICT_OBJC_MSGSEND = YES;
				ENABLE_TESTABILITY = YES;
				GCC_C_LANGUAGE_STANDARD = gnu11;
				GCC_DYNAMIC_NO_PIC = NO;
				GCC_NO_COMMON_BLOCKS = YES;
				GCC_OPTIMIZATION_LEVEL = 0;
				GCC_PREPROCESSOR_DEFINITIONS = (
					"DEBUG=1",
					"$(inherited)",
				);
				GCC_WARN_64_TO_32_BIT_CONVERSION = YES;
				GCC_WARN_ABOUT_RETURN_TYPE = YES_ERROR;
				GCC_WARN_UNDECLARED_SELECTOR = YES;
				GCC_WARN_UNINITIALIZED_AUTOS = YES_AGGRESSIVE;
				GCC_WARN_UNUSED_FUNCTION = YES;
				GCC_WARN_UNUSED_VARIABLE = YES;
				IPHONEOS_DEPLOYMENT_TARGET = 14.0;
				MTL_ENABLE_DEBUG_INFO = INCLUDE_SOURCE;
				MTL_FAST_MATH = YES;
				ONLY_ACTIVE_ARCH = YES;
				SDKROOT = iphoneos;
				SWIFT_ACTIVE_COMPILATION_CONDITIONS = DEBUG;
				SWIFT_OPTIMIZATION_LEVEL = "-Onone";
			};
			name = Debug;
		};
		915F51592521763600B4E384 /* Release */ = {
			isa = XCBuildConfiguration;
			buildSettings = {
				ALWAYS_SEARCH_USER_PATHS = NO;
				CLANG_ANALYZER_NONNULL = YES;
				CLANG_ANALYZER_NUMBER_OBJECT_CONVERSION = YES_AGGRESSIVE;
				CLANG_CXX_LANGUAGE_STANDARD = "gnu++14";
				CLANG_CXX_LIBRARY = "libc++";
				CLANG_ENABLE_MODULES = YES;
				CLANG_ENABLE_OBJC_ARC = YES;
				CLANG_ENABLE_OBJC_WEAK = YES;
				CLANG_WARN_BLOCK_CAPTURE_AUTORELEASING = YES;
				CLANG_WARN_BOOL_CONVERSION = YES;
				CLANG_WARN_COMMA = YES;
				CLANG_WARN_CONSTANT_CONVERSION = YES;
				CLANG_WARN_DEPRECATED_OBJC_IMPLEMENTATIONS = YES;
				CLANG_WARN_DIRECT_OBJC_ISA_USAGE = YES_ERROR;
				CLANG_WARN_DOCUMENTATION_COMMENTS = YES;
				CLANG_WARN_EMPTY_BODY = YES;
				CLANG_WARN_ENUM_CONVERSION = YES;
				CLANG_WARN_INFINITE_RECURSION = YES;
				CLANG_WARN_INT_CONVERSION = YES;
				CLANG_WARN_NON_LITERAL_NULL_CONVERSION = YES;
				CLANG_WARN_OBJC_IMPLICIT_RETAIN_SELF = YES;
				CLANG_WARN_OBJC_LITERAL_CONVERSION = YES;
				CLANG_WARN_OBJC_ROOT_CLASS = YES_ERROR;
				CLANG_WARN_QUOTED_INCLUDE_IN_FRAMEWORK_HEADER = YES;
				CLANG_WARN_RANGE_LOOP_ANALYSIS = YES;
				CLANG_WARN_STRICT_PROTOTYPES = YES;
				CLANG_WARN_SUSPICIOUS_MOVE = YES;
				CLANG_WARN_UNGUARDED_AVAILABILITY = YES_AGGRESSIVE;
				CLANG_WARN_UNREACHABLE_CODE = YES;
				CLANG_WARN__DUPLICATE_METHOD_MATCH = YES;
				COPY_PHASE_STRIP = NO;
				DEBUG_INFORMATION_FORMAT = "dwarf-with-dsym";
				ENABLE_NS_ASSERTIONS = NO;
				ENABLE_STRICT_OBJC_MSGSEND = YES;
				GCC_C_LANGUAGE_STANDARD = gnu11;
				GCC_NO_COMMON_BLOCKS = YES;
				GCC_WARN_64_TO_32_BIT_CONVERSION = YES;
				GCC_WARN_ABOUT_RETURN_TYPE = YES_ERROR;
				GCC_WARN_UNDECLARED_SELECTOR = YES;
				GCC_WARN_UNINITIALIZED_AUTOS = YES_AGGRESSIVE;
				GCC_WARN_UNUSED_FUNCTION = YES;
				GCC_WARN_UNUSED_VARIABLE = YES;
				IPHONEOS_DEPLOYMENT_TARGET = 14.0;
				MTL_ENABLE_DEBUG_INFO = NO;
				MTL_FAST_MATH = YES;
				SDKROOT = iphoneos;
				SWIFT_COMPILATION_MODE = wholemodule;
				SWIFT_OPTIMIZATION_LEVEL = "-O";
				VALIDATE_PRODUCT = YES;
			};
			name = Release;
		};
		915F515B2521763600B4E384 /* Debug */ = {
			isa = XCBuildConfiguration;
			buildSettings = {
				ASSETCATALOG_COMPILER_APPICON_NAME = AppIcon;
				ASSETCATALOG_COMPILER_GLOBAL_ACCENT_COLOR_NAME = AccentColor;
				CODE_SIGN_STYLE = Automatic;
				DEVELOPMENT_ASSET_PATHS = "\"NextSunnyDay/Preview Content\"";
				DEVELOPMENT_TEAM = NA4GG5YL9W;
				ENABLE_PREVIEWS = YES;
				INFOPLIST_FILE = NextSunnyDay/Info.plist;
				IPHONEOS_DEPLOYMENT_TARGET = 14.0;
				LD_RUNPATH_SEARCH_PATHS = (
					"$(inherited)",
					"@executable_path/Frameworks",
				);
				PRODUCT_BUNDLE_IDENTIFIER = com.naipaka.NextSunnyDay;
				PRODUCT_NAME = "$(TARGET_NAME)";
				SWIFT_VERSION = 5.0;
				TARGETED_DEVICE_FAMILY = 1;
			};
			name = Debug;
		};
		915F515C2521763600B4E384 /* Release */ = {
			isa = XCBuildConfiguration;
			buildSettings = {
				ASSETCATALOG_COMPILER_APPICON_NAME = AppIcon;
				ASSETCATALOG_COMPILER_GLOBAL_ACCENT_COLOR_NAME = AccentColor;
				CODE_SIGN_STYLE = Automatic;
				DEVELOPMENT_ASSET_PATHS = "\"NextSunnyDay/Preview Content\"";
				DEVELOPMENT_TEAM = NA4GG5YL9W;
				ENABLE_PREVIEWS = YES;
				INFOPLIST_FILE = NextSunnyDay/Info.plist;
				IPHONEOS_DEPLOYMENT_TARGET = 14.0;
				LD_RUNPATH_SEARCH_PATHS = (
					"$(inherited)",
					"@executable_path/Frameworks",
				);
				PRODUCT_BUNDLE_IDENTIFIER = com.naipaka.NextSunnyDay;
				PRODUCT_NAME = "$(TARGET_NAME)";
				SWIFT_VERSION = 5.0;
				TARGETED_DEVICE_FAMILY = 1;
			};
			name = Release;
		};
		915F515E2521763600B4E384 /* Debug */ = {
			isa = XCBuildConfiguration;
			buildSettings = {
				ALWAYS_EMBED_SWIFT_STANDARD_LIBRARIES = YES;
				BUNDLE_LOADER = "$(TEST_HOST)";
				CODE_SIGN_STYLE = Automatic;
				DEVELOPMENT_TEAM = NA4GG5YL9W;
				INFOPLIST_FILE = NextSunnyDayTests/Info.plist;
				IPHONEOS_DEPLOYMENT_TARGET = 14.0;
				LD_RUNPATH_SEARCH_PATHS = (
					"$(inherited)",
					"@executable_path/Frameworks",
					"@loader_path/Frameworks",
				);
				PRODUCT_BUNDLE_IDENTIFIER = com.naipaka.NextSunnyDayTests;
				PRODUCT_NAME = "$(TARGET_NAME)";
				SWIFT_VERSION = 5.0;
				TARGETED_DEVICE_FAMILY = "1,2";
				TEST_HOST = "$(BUILT_PRODUCTS_DIR)/NextSunnyDay.app/NextSunnyDay";
			};
			name = Debug;
		};
		915F515F2521763600B4E384 /* Release */ = {
			isa = XCBuildConfiguration;
			buildSettings = {
				ALWAYS_EMBED_SWIFT_STANDARD_LIBRARIES = YES;
				BUNDLE_LOADER = "$(TEST_HOST)";
				CODE_SIGN_STYLE = Automatic;
				DEVELOPMENT_TEAM = NA4GG5YL9W;
				INFOPLIST_FILE = NextSunnyDayTests/Info.plist;
				IPHONEOS_DEPLOYMENT_TARGET = 14.0;
				LD_RUNPATH_SEARCH_PATHS = (
					"$(inherited)",
					"@executable_path/Frameworks",
					"@loader_path/Frameworks",
				);
				PRODUCT_BUNDLE_IDENTIFIER = com.naipaka.NextSunnyDayTests;
				PRODUCT_NAME = "$(TARGET_NAME)";
				SWIFT_VERSION = 5.0;
				TARGETED_DEVICE_FAMILY = "1,2";
				TEST_HOST = "$(BUILT_PRODUCTS_DIR)/NextSunnyDay.app/NextSunnyDay";
			};
			name = Release;
		};
		915F51612521763600B4E384 /* Debug */ = {
			isa = XCBuildConfiguration;
			buildSettings = {
				ALWAYS_EMBED_SWIFT_STANDARD_LIBRARIES = YES;
				CODE_SIGN_STYLE = Automatic;
				DEVELOPMENT_TEAM = NA4GG5YL9W;
				INFOPLIST_FILE = NextSunnyDayUITests/Info.plist;
				LD_RUNPATH_SEARCH_PATHS = (
					"$(inherited)",
					"@executable_path/Frameworks",
					"@loader_path/Frameworks",
				);
				PRODUCT_BUNDLE_IDENTIFIER = com.naipaka.NextSunnyDayUITests;
				PRODUCT_NAME = "$(TARGET_NAME)";
				SWIFT_VERSION = 5.0;
				TARGETED_DEVICE_FAMILY = "1,2";
				TEST_TARGET_NAME = NextSunnyDay;
			};
			name = Debug;
		};
		915F51622521763600B4E384 /* Release */ = {
			isa = XCBuildConfiguration;
			buildSettings = {
				ALWAYS_EMBED_SWIFT_STANDARD_LIBRARIES = YES;
				CODE_SIGN_STYLE = Automatic;
				DEVELOPMENT_TEAM = NA4GG5YL9W;
				INFOPLIST_FILE = NextSunnyDayUITests/Info.plist;
				LD_RUNPATH_SEARCH_PATHS = (
					"$(inherited)",
					"@executable_path/Frameworks",
					"@loader_path/Frameworks",
				);
				PRODUCT_BUNDLE_IDENTIFIER = com.naipaka.NextSunnyDayUITests;
				PRODUCT_NAME = "$(TARGET_NAME)";
				SWIFT_VERSION = 5.0;
				TARGETED_DEVICE_FAMILY = "1,2";
				TEST_TARGET_NAME = NextSunnyDay;
			};
			name = Release;
		};
/* End XCBuildConfiguration section */

/* Begin XCConfigurationList section */
		915F51302521763500B4E384 /* Build configuration list for PBXProject "NextSunnyDay" */ = {
			isa = XCConfigurationList;
			buildConfigurations = (
				915F51582521763600B4E384 /* Debug */,
				915F51592521763600B4E384 /* Release */,
			);
			defaultConfigurationIsVisible = 0;
			defaultConfigurationName = Release;
		};
		915F515A2521763600B4E384 /* Build configuration list for PBXNativeTarget "NextSunnyDay" */ = {
			isa = XCConfigurationList;
			buildConfigurations = (
				915F515B2521763600B4E384 /* Debug */,
				915F515C2521763600B4E384 /* Release */,
			);
			defaultConfigurationIsVisible = 0;
			defaultConfigurationName = Release;
		};
		915F515D2521763600B4E384 /* Build configuration list for PBXNativeTarget "NextSunnyDayTests" */ = {
			isa = XCConfigurationList;
			buildConfigurations = (
				915F515E2521763600B4E384 /* Debug */,
				915F515F2521763600B4E384 /* Release */,
			);
			defaultConfigurationIsVisible = 0;
			defaultConfigurationName = Release;
		};
		915F51602521763600B4E384 /* Build configuration list for PBXNativeTarget "NextSunnyDayUITests" */ = {
			isa = XCConfigurationList;
			buildConfigurations = (
				915F51612521763600B4E384 /* Debug */,
				915F51622521763600B4E384 /* Release */,
			);
			defaultConfigurationIsVisible = 0;
			defaultConfigurationName = Release;
		};
/* End XCConfigurationList section */

/* Begin XCRemoteSwiftPackageReference section */
		91500CB7253306AC00D5F47D /* XCRemoteSwiftPackageReference "R.swift" */ = {
			isa = XCRemoteSwiftPackageReference;
			repositoryURL = "https://github.com/mac-cain13/R.swift.Library";
			requirement = {
				kind = upToNextMajorVersion;
				minimumVersion = 5.2.0;
			};
		};
		919EA78225304DAB008BC359 /* XCRemoteSwiftPackageReference "realm-cocoa" */ = {
			isa = XCRemoteSwiftPackageReference;
			repositoryURL = "https://github.com/realm/realm-cocoa";
			requirement = {
				kind = upToNextMajorVersion;
				minimumVersion = 5.4.8;
			};
		};
/* End XCRemoteSwiftPackageReference section */

/* Begin XCSwiftPackageProductDependency section */
		91500CB8253306AC00D5F47D /* Rswift */ = {
			isa = XCSwiftPackageProductDependency;
			package = 91500CB7253306AC00D5F47D /* XCRemoteSwiftPackageReference "R.swift" */;
			productName = Rswift;
		};
		919EA78325304DAB008BC359 /* Realm */ = {
			isa = XCSwiftPackageProductDependency;
			package = 919EA78225304DAB008BC359 /* XCRemoteSwiftPackageReference "realm-cocoa" */;
			productName = Realm;
		};
		919EA78525304DAB008BC359 /* RealmSwift */ = {
			isa = XCSwiftPackageProductDependency;
			package = 919EA78225304DAB008BC359 /* XCRemoteSwiftPackageReference "realm-cocoa" */;
			productName = RealmSwift;
		};
/* End XCSwiftPackageProductDependency section */
	};
	rootObject = 915F512D2521763500B4E384 /* Project object */;
}
